
Microsoft Visual Studio Solution File, Format Version 12.00
# Visual Studio Version 17
VisualStudioVersion = 17.14.36511.14 d17.14
MinimumVisualStudioVersion = 10.0.40219.1
Project("{FAE04EC0-301F-11D3-BF4B-00C04F79EFBC}") = "KRAUS-IS3", "KRAUS-IS3\KRAUS-IS3.csproj", "{F6501A61-EC5F-470F-9262-1AB2DCD2D5BD}"
EndProject
Global
	GlobalSection(SolutionConfigurationPlatforms) = preSolution
		Debug|Any CPU = Debug|Any CPU
		Release|Any CPU = Release|Any CPU
	EndGlobalSection
	GlobalSection(ProjectConfigurationPlatforms) = postSolution
		{F6501A61-EC5F-470F-9262-1AB2DCD2D5BD}.Debug|Any CPU.ActiveCfg = Debug|Any CPU
		{F6501A61-EC5F-470F-9262-1AB2DCD2D5BD}.Debug|Any CPU.Build.0 = Debug|Any CPU
		{F6501A61-EC5F-470F-9262-1AB2DCD2D5BD}.Release|Any CPU.ActiveCfg = Release|Any CPU
		{F6501A61-EC5F-470F-9262-1AB2DCD2D5BD}.Release|Any CPU.Build.0 = Release|Any CPU
	EndGlobalSection
	GlobalSection(SolutionProperties) = preSolution
		HideSolutionNode = FALSE
	EndGlobalSection
	GlobalSection(ExtensibilityGlobals) = postSolution
		SolutionGuid = {2FBFF79A-2FA9-45BA-8CEB-DBC7EA72EC01}
	EndGlobalSection
EndGlobal
